
Microsoft Visual Studio Solution File, Format Version 12.00
# Visual Studio Version 17
VisualStudioVersion = 17.4.33403.182
MinimumVisualStudioVersion = 10.0.40219.1
Project("{FAE04EC0-301F-11D3-BF4B-00C04F79EFBC}") = "CongVan3", "CongVan3.csproj", "{CDAB267C-0BB0-4AF3-A7DC-AFB1E21D6F55}"
EndProject
Global
	GlobalSection(SolutionConfigurationPlatforms) = preSolution
		Debug|Any CPU = Debug|Any CPU
		Release|Any CPU = Release|Any CPU
	EndGlobalSection
	GlobalSection(ProjectConfigurationPlatforms) = postSolution
		{CDAB267C-0BB0-4AF3-A7DC-AFB1E21D6F55}.Debug|Any CPU.ActiveCfg = Debug|Any CPU
		{CDAB267C-0BB0-4AF3-A7DC-AFB1E21D6F55}.Debug|Any CPU.Build.0 = Debug|Any CPU
		{CDAB267C-0BB0-4AF3-A7DC-AFB1E21D6F55}.Release|Any CPU.ActiveCfg = Release|Any CPU
		{CDAB267C-0BB0-4AF3-A7DC-AFB1E21D6F55}.Release|Any CPU.Build.0 = Release|Any CPU
	EndGlobalSection
	GlobalSection(SolutionProperties) = preSolution
		HideSolutionNode = FALSE
	EndGlobalSection
	GlobalSection(ExtensibilityGlobals) = postSolution
		SolutionGuid = {4B01BD8A-EEDA-4705-9FBA-6D675DDD5488}
	EndGlobalSection
EndGlobal
